
Microsoft Visual Studio Solution File, Format Version 12.00
# Visual Studio Version 16
VisualStudioVersion = 16.0.29311.281
MinimumVisualStudioVersion = 10.0.40219.1
Project("{FAE04EC0-301F-11D3-BF4B-00C04F79EFBC}") = "Calculator", "Calculator\Calculator.csproj", "{75D9EFF0-C328-47FB-BD4A-CF469D2FBE07}"
EndProject
Project("{FAE04EC0-301F-11D3-BF4B-00C04F79EFBC}") = "Calculator.Library", "Calculator.Library\Calculator.Library.csproj", "{89968E61-0ADA-4C59-B3E2-FA07175EB115}"
EndProject
Project("{FAE04EC0-301F-11D3-BF4B-00C04F79EFBC}") = "Calculator.Library.Tests", "Calculator.Library.Tests\Calculator.Library.Tests.csproj", "{0ABA400F-6850-4D38-A6F6-F46BC34C13AA}"
EndProject
Global
	GlobalSection(SolutionConfigurationPlatforms) = preSolution
		Debug|Any CPU = Debug|Any CPU
		Release|Any CPU = Release|Any CPU
	EndGlobalSection
	GlobalSection(ProjectConfigurationPlatforms) = postSolution
		{75D9EFF0-C328-47FB-BD4A-CF469D2FBE07}.Debug|Any CPU.ActiveCfg = Debug|Any CPU
		{75D9EFF0-C328-47FB-BD4A-CF469D2FBE07}.Debug|Any CPU.Build.0 = Debug|Any CPU
		{75D9EFF0-C328-47FB-BD4A-CF469D2FBE07}.Release|Any CPU.ActiveCfg = Release|Any CPU
		{75D9EFF0-C328-47FB-BD4A-CF469D2FBE07}.Release|Any CPU.Build.0 = Release|Any CPU
		{89968E61-0ADA-4C59-B3E2-FA07175EB115}.Debug|Any CPU.ActiveCfg = Debug|Any CPU
		{89968E61-0ADA-4C59-B3E2-FA07175EB115}.Debug|Any CPU.Build.0 = Debug|Any CPU
		{89968E61-0ADA-4C59-B3E2-FA07175EB115}.Release|Any CPU.ActiveCfg = Release|Any CPU
		{89968E61-0ADA-4C59-B3E2-FA07175EB115}.Release|Any CPU.Build.0 = Release|Any CPU
		{0ABA400F-6850-4D38-A6F6-F46BC34C13AA}.Debug|Any CPU.ActiveCfg = Debug|Any CPU
		{0ABA400F-6850-4D38-A6F6-F46BC34C13AA}.Debug|Any CPU.Build.0 = Debug|Any CPU
		{0ABA400F-6850-4D38-A6F6-F46BC34C13AA}.Release|Any CPU.ActiveCfg = Release|Any CPU
		{0ABA400F-6850-4D38-A6F6-F46BC34C13AA}.Release|Any CPU.Build.0 = Release|Any CPU
	EndGlobalSection
	GlobalSection(SolutionProperties) = preSolution
		HideSolutionNode = FALSE
	EndGlobalSection
	GlobalSection(ExtensibilityGlobals) = postSolution
		SolutionGuid = {667C7906-885D-41EC-B816-7C1DA708F4F2}
	EndGlobalSection
EndGlobal
