
Microsoft Visual Studio Solution File, Format Version 12.00
# Visual Studio Version 16
VisualStudioVersion = 16.0.30320.27
MinimumVisualStudioVersion = 10.0.40219.1
Project("{FAE04EC0-301F-11D3-BF4B-00C04F79EFBC}") = "FirstBlendApp", "FirstBlendApp\FirstBlendApp.csproj", "{4B747D7B-3536-4CC0-83DE-F5F1FDF08F41}"
EndProject
Project("{FAE04EC0-301F-11D3-BF4B-00C04F79EFBC}") = "WinDev.OpenXmlDemonstrator", "WinDev.OpenXmlDemonstrator\WinDev.OpenXmlDemonstrator.csproj", "{32DFECD1-15E5-4F5D-8CDE-5C2AAA3FE876}"
EndProject
Project("{FAE04EC0-301F-11D3-BF4B-00C04F79EFBC}") = "WinDev.Common", "WinDev.Common\WinDev.Common.csproj", "{384A7BF7-FDB3-40B2-97D4-AB23E6FE84EB}"
EndProject
Project("{FAE04EC0-301F-11D3-BF4B-00C04F79EFBC}") = "WinDev.Business", "WinDev.Business\WinDev.Business.csproj", "{29C305B3-1BF4-402A-BDF6-F1E989B7C669}"
EndProject
Global
	GlobalSection(SolutionConfigurationPlatforms) = preSolution
		Debug|Any CPU = Debug|Any CPU
		Debug|ARM = Debug|ARM
		Debug|x64 = Debug|x64
		Debug|x86 = Debug|x86
		Release|Any CPU = Release|Any CPU
		Release|ARM = Release|ARM
		Release|x64 = Release|x64
		Release|x86 = Release|x86
	EndGlobalSection
	GlobalSection(ProjectConfigurationPlatforms) = postSolution
		{4B747D7B-3536-4CC0-83DE-F5F1FDF08F41}.Debug|Any CPU.ActiveCfg = Debug|x86
		{4B747D7B-3536-4CC0-83DE-F5F1FDF08F41}.Debug|ARM.ActiveCfg = Debug|ARM
		{4B747D7B-3536-4CC0-83DE-F5F1FDF08F41}.Debug|ARM.Build.0 = Debug|ARM
		{4B747D7B-3536-4CC0-83DE-F5F1FDF08F41}.Debug|ARM.Deploy.0 = Debug|ARM
		{4B747D7B-3536-4CC0-83DE-F5F1FDF08F41}.Debug|x64.ActiveCfg = Debug|x64
		{4B747D7B-3536-4CC0-83DE-F5F1FDF08F41}.Debug|x64.Build.0 = Debug|x64
		{4B747D7B-3536-4CC0-83DE-F5F1FDF08F41}.Debug|x64.Deploy.0 = Debug|x64
		{4B747D7B-3536-4CC0-83DE-F5F1FDF08F41}.Debug|x86.ActiveCfg = Debug|x86
		{4B747D7B-3536-4CC0-83DE-F5F1FDF08F41}.Debug|x86.Build.0 = Debug|x86
		{4B747D7B-3536-4CC0-83DE-F5F1FDF08F41}.Debug|x86.Deploy.0 = Debug|x86
		{4B747D7B-3536-4CC0-83DE-F5F1FDF08F41}.Release|Any CPU.ActiveCfg = Release|x86
		{4B747D7B-3536-4CC0-83DE-F5F1FDF08F41}.Release|ARM.ActiveCfg = Release|ARM
		{4B747D7B-3536-4CC0-83DE-F5F1FDF08F41}.Release|ARM.Build.0 = Release|ARM
		{4B747D7B-3536-4CC0-83DE-F5F1FDF08F41}.Release|ARM.Deploy.0 = Release|ARM
		{4B747D7B-3536-4CC0-83DE-F5F1FDF08F41}.Release|x64.ActiveCfg = Release|x64
		{4B747D7B-3536-4CC0-83DE-F5F1FDF08F41}.Release|x64.Build.0 = Release|x64
		{4B747D7B-3536-4CC0-83DE-F5F1FDF08F41}.Release|x64.Deploy.0 = Release|x64
		{4B747D7B-3536-4CC0-83DE-F5F1FDF08F41}.Release|x86.ActiveCfg = Release|x86
		{4B747D7B-3536-4CC0-83DE-F5F1FDF08F41}.Release|x86.Build.0 = Release|x86
		{4B747D7B-3536-4CC0-83DE-F5F1FDF08F41}.Release|x86.Deploy.0 = Release|x86
		{32DFECD1-15E5-4F5D-8CDE-5C2AAA3FE876}.Debug|Any CPU.ActiveCfg = Debug|Any CPU
		{32DFECD1-15E5-4F5D-8CDE-5C2AAA3FE876}.Debug|Any CPU.Build.0 = Debug|Any CPU
		{32DFECD1-15E5-4F5D-8CDE-5C2AAA3FE876}.Debug|ARM.ActiveCfg = Debug|Any CPU
		{32DFECD1-15E5-4F5D-8CDE-5C2AAA3FE876}.Debug|ARM.Build.0 = Debug|Any CPU
		{32DFECD1-15E5-4F5D-8CDE-5C2AAA3FE876}.Debug|x64.ActiveCfg = Debug|Any CPU
		{32DFECD1-15E5-4F5D-8CDE-5C2AAA3FE876}.Debug|x64.Build.0 = Debug|Any CPU
		{32DFECD1-15E5-4F5D-8CDE-5C2AAA3FE876}.Debug|x86.ActiveCfg = Debug|Any CPU
		{32DFECD1-15E5-4F5D-8CDE-5C2AAA3FE876}.Debug|x86.Build.0 = Debug|Any CPU
		{32DFECD1-15E5-4F5D-8CDE-5C2AAA3FE876}.Release|Any CPU.ActiveCfg = Release|Any CPU
		{32DFECD1-15E5-4F5D-8CDE-5C2AAA3FE876}.Release|Any CPU.Build.0 = Release|Any CPU
		{32DFECD1-15E5-4F5D-8CDE-5C2AAA3FE876}.Release|ARM.ActiveCfg = Release|Any CPU
		{32DFECD1-15E5-4F5D-8CDE-5C2AAA3FE876}.Release|ARM.Build.0 = Release|Any CPU
		{32DFECD1-15E5-4F5D-8CDE-5C2AAA3FE876}.Release|x64.ActiveCfg = Release|Any CPU
		{32DFECD1-15E5-4F5D-8CDE-5C2AAA3FE876}.Release|x64.Build.0 = Release|Any CPU
		{32DFECD1-15E5-4F5D-8CDE-5C2AAA3FE876}.Release|x86.ActiveCfg = Release|Any CPU
		{32DFECD1-15E5-4F5D-8CDE-5C2AAA3FE876}.Release|x86.Build.0 = Release|Any CPU
		{384A7BF7-FDB3-40B2-97D4-AB23E6FE84EB}.Debug|Any CPU.ActiveCfg = Debug|Any CPU
		{384A7BF7-FDB3-40B2-97D4-AB23E6FE84EB}.Debug|Any CPU.Build.0 = Debug|Any CPU
		{384A7BF7-FDB3-40B2-97D4-AB23E6FE84EB}.Debug|ARM.ActiveCfg = Debug|Any CPU
		{384A7BF7-FDB3-40B2-97D4-AB23E6FE84EB}.Debug|ARM.Build.0 = Debug|Any CPU
		{384A7BF7-FDB3-40B2-97D4-AB23E6FE84EB}.Debug|x64.ActiveCfg = Debug|Any CPU
		{384A7BF7-FDB3-40B2-97D4-AB23E6FE84EB}.Debug|x64.Build.0 = Debug|Any CPU
		{384A7BF7-FDB3-40B2-97D4-AB23E6FE84EB}.Debug|x86.ActiveCfg = Debug|Any CPU
		{384A7BF7-FDB3-40B2-97D4-AB23E6FE84EB}.Debug|x86.Build.0 = Debug|Any CPU
		{384A7BF7-FDB3-40B2-97D4-AB23E6FE84EB}.Release|Any CPU.ActiveCfg = Release|Any CPU
		{384A7BF7-FDB3-40B2-97D4-AB23E6FE84EB}.Release|Any CPU.Build.0 = Release|Any CPU
		{384A7BF7-FDB3-40B2-97D4-AB23E6FE84EB}.Release|ARM.ActiveCfg = Release|Any CPU
		{384A7BF7-FDB3-40B2-97D4-AB23E6FE84EB}.Release|ARM.Build.0 = Release|Any CPU
		{384A7BF7-FDB3-40B2-97D4-AB23E6FE84EB}.Release|x64.ActiveCfg = Release|Any CPU
		{384A7BF7-FDB3-40B2-97D4-AB23E6FE84EB}.Release|x64.Build.0 = Release|Any CPU
		{384A7BF7-FDB3-40B2-97D4-AB23E6FE84EB}.Release|x86.ActiveCfg = Release|Any CPU
		{384A7BF7-FDB3-40B2-97D4-AB23E6FE84EB}.Release|x86.Build.0 = Release|Any CPU
		{29C305B3-1BF4-402A-BDF6-F1E989B7C669}.Debug|Any CPU.ActiveCfg = Debug|Any CPU
		{29C305B3-1BF4-402A-BDF6-F1E989B7C669}.Debug|Any CPU.Build.0 = Debug|Any CPU
		{29C305B3-1BF4-402A-BDF6-F1E989B7C669}.Debug|ARM.ActiveCfg = Debug|Any CPU
		{29C305B3-1BF4-402A-BDF6-F1E989B7C669}.Debug|ARM.Build.0 = Debug|Any CPU
		{29C305B3-1BF4-402A-BDF6-F1E989B7C669}.Debug|x64.ActiveCfg = Debug|Any CPU
		{29C305B3-1BF4-402A-BDF6-F1E989B7C669}.Debug|x64.Build.0 = Debug|Any CPU
		{29C305B3-1BF4-402A-BDF6-F1E989B7C669}.Debug|x86.ActiveCfg = Debug|Any CPU
		{29C305B3-1BF4-402A-BDF6-F1E989B7C669}.Debug|x86.Build.0 = Debug|Any CPU
		{29C305B3-1BF4-402A-BDF6-F1E989B7C669}.Release|Any CPU.ActiveCfg = Release|Any CPU
		{29C305B3-1BF4-402A-BDF6-F1E989B7C669}.Release|Any CPU.Build.0 = Release|Any CPU
		{29C305B3-1BF4-402A-BDF6-F1E989B7C669}.Release|ARM.ActiveCfg = Release|Any CPU
		{29C305B3-1BF4-402A-BDF6-F1E989B7C669}.Release|ARM.Build.0 = Release|Any CPU
		{29C305B3-1BF4-402A-BDF6-F1E989B7C669}.Release|x64.ActiveCfg = Release|Any CPU
		{29C305B3-1BF4-402A-BDF6-F1E989B7C669}.Release|x64.Build.0 = Release|Any CPU
		{29C305B3-1BF4-402A-BDF6-F1E989B7C669}.Release|x86.ActiveCfg = Release|Any CPU
		{29C305B3-1BF4-402A-BDF6-F1E989B7C669}.Release|x86.Build.0 = Release|Any CPU
	EndGlobalSection
	GlobalSection(SolutionProperties) = preSolution
		HideSolutionNode = FALSE
	EndGlobalSection
	GlobalSection(ExtensibilityGlobals) = postSolution
		SolutionGuid = {E005A7DC-C24D-409D-8C2F-5256064EC170}
	EndGlobalSection
EndGlobal
